{
  "pins" : [
    {
      "identity" : "stream-video-swift-webrtc",
      "kind" : "remoteSourceControl",
      "location" : "https://github.com/GetStream/stream-video-swift-webrtc.git",
      "state" : {
        "revision" : "db72db9ac7e606d024ff03002c9fc1f9998dbee1",
        "version" : "145.16.0"
      }
    }
  ],
  "version" : 2
}
